{
  "nodes": {
    "clj-nix": {
      "inputs": {
        "devshell": "devshell",
        "nix-fetcher-data": "nix-fetcher-data",
        "nixpkgs": [
          "nixpkgs"
        ]
      },
      "locked": {
        "lastModified": 1693662496,
        "narHash": "sha256-mY26VOu7M8kwLqOBUXxfyR0V/e5EZ6HC1VICUITcW8U=",
        "owner": "jlesquembre",
        "repo": "clj-nix",
        "rev": "a53d04cbc21d66f7139624898c16dba9ed371228",
        "type": "github"
      },
      "original": {
        "owner": "jlesquembre",
        "repo": "clj-nix",
        "type": "github"
      }
    },
    "devshell": {
      "inputs": {
        "nixpkgs": [
          "clj-nix",
          "nixpkgs"
        ],
        "systems": "systems"
      },
      "locked": {
        "lastModified": 1692793255,
        "narHash": "sha256-yVyj0AE280JkccDHuG1XO9oGxN6bW8ksr/xttXcXzK0=",
        "owner": "numtide",
        "repo": "devshell",
        "rev": "2aa26972b951bc05c3632d4e5ae683cb6771a7c6",
        "type": "github"
      },
      "original": {
        "owner": "numtide",
        "repo": "devshell",
        "type": "github"
      }
    },
    "devshell_2": {
      "inputs": {
        "nixpkgs": [
          "nixpkgs"
        ],
        "systems": "systems_2"
      },
      "locked": {
        "lastModified": 1693833206,
        "narHash": "sha256-wHOY0nnD6gWj8u9uI85/YlsganYyWRK1hLFZulZwfmY=",
        "owner": "numtide",
        "repo": "devshell",
        "rev": "65114ea495a8d3cc1352368bf170d67ef005aa5a",
        "type": "github"
      },
      "original": {
        "owner": "numtide",
        "repo": "devshell",
        "type": "github"
      }
    },
    "flake-part": {
      "inputs": {
        "nixpkgs-lib": "nixpkgs-lib"
      },
      "locked": {
        "lastModified": 1685546676,
        "narHash": "sha256-XDbjJyAg6odX5Vj0Q22iI/gQuFvEkv9kamsSbQ+npaI=",
        "owner": "hercules-ci",
        "repo": "flake-parts",
        "rev": "6ef2707776c6379bc727faf3f83c0dd60b06e0c6",
        "type": "github"
      },
      "original": {
        "owner": "hercules-ci",
        "repo": "flake-parts",
        "type": "github"
      }
    },
    "flake-parts": {
      "inputs": {
        "nixpkgs-lib": "nixpkgs-lib_2"
      },
      "locked": {
        "lastModified": 1685546676,
        "narHash": "sha256-XDbjJyAg6odX5Vj0Q22iI/gQuFvEkv9kamsSbQ+npaI=",
        "owner": "hercules-ci",
        "repo": "flake-parts",
        "rev": "6ef2707776c6379bc727faf3f83c0dd60b06e0c6",
        "type": "github"
      },
      "original": {
        "id": "flake-parts",
        "type": "indirect"
      }
    },
    "flake-utils": {
      "inputs": {
        "systems": "systems_3"
      },
      "locked": {
        "lastModified": 1692799911,
        "narHash": "sha256-3eihraek4qL744EvQXsK1Ha6C3CR7nnT8X2qWap4RNk=",
        "owner": "numtide",
        "repo": "flake-utils",
        "rev": "f9e7cf818399d17d347f847525c5a5a8032e4e44",
        "type": "github"
      },
      "original": {
        "owner": "numtide",
        "repo": "flake-utils",
        "type": "github"
      }
    },
    "nix-fetcher-data": {
      "inputs": {
        "flake-part": "flake-part",
        "flake-parts": "flake-parts",
        "nixpkgs": [
          "clj-nix",
          "nixpkgs"
        ]
      },
      "locked": {
        "lastModified": 1685572850,
        "narHash": "sha256-lYKEqFG9F84xu51H1rM1u+Ip88cINL0+W26sT+vFEZc=",
        "owner": "jlesquembre",
        "repo": "nix-fetcher-data",
        "rev": "f14967db6c92c79b77419f52c22a698518c91120",
        "type": "github"
      },
      "original": {
        "owner": "jlesquembre",
        "repo": "nix-fetcher-data",
        "type": "github"
      }
    },
    "nixpkgs": {
      "locked": {
        "lastModified": 1691654369,
        "narHash": "sha256-gSILTEx1jRaJjwZxRlnu3ZwMn1FVNk80qlwiCX8kmpo=",
        "owner": "NixOS",
        "repo": "nixpkgs",
        "rev": "ce5e4a6ef2e59d89a971bc434ca8ca222b9c7f5e",
        "type": "github"
      },
      "original": {
        "owner": "NixOS",
        "ref": "nixos-unstable",
        "repo": "nixpkgs",
        "type": "github"
      }
    },
    "nixpkgs-lib": {
      "locked": {
        "dir": "lib",
        "lastModified": 1682879489,
        "narHash": "sha256-sASwo8gBt7JDnOOstnps90K1wxmVfyhsTPPNTGBPjjg=",
        "owner": "NixOS",
        "repo": "nixpkgs",
        "rev": "da45bf6ec7bbcc5d1e14d3795c025199f28e0de0",
        "type": "github"
      },
      "original": {
        "dir": "lib",
        "owner": "NixOS",
        "ref": "nixos-unstable",
        "repo": "nixpkgs",
        "type": "github"
      }
    },
    "nixpkgs-lib_2": {
      "locked": {
        "dir": "lib",
        "lastModified": 1682879489,
        "narHash": "sha256-sASwo8gBt7JDnOOstnps90K1wxmVfyhsTPPNTGBPjjg=",
        "owner": "NixOS",
        "repo": "nixpkgs",
        "rev": "da45bf6ec7bbcc5d1e14d3795c025199f28e0de0",
        "type": "github"
      },
      "original": {
        "dir": "lib",
        "owner": "NixOS",
        "ref": "nixos-unstable",
        "repo": "nixpkgs",
        "type": "github"
      }
    },
    "root": {
      "inputs": {
        "clj-nix": "clj-nix",
        "devshell": "devshell_2",
        "flake-utils": "flake-utils",
        "nixpkgs": "nixpkgs"
      }
    },
    "systems": {
      "locked": {
        "lastModified": 1681028828,
        "narHash": "sha256-Vy1rq5AaRuLzOxct8nz4T6wlgyUR7zLU309k9mBC768=",
        "owner": "nix-systems",
        "repo": "default",
        "rev": "da67096a3b9bf56a91d16901293e51ba5b49a27e",
        "type": "github"
      },
      "original": {
        "owner": "nix-systems",
        "repo": "default",
        "type": "github"
      }
    },
    "systems_2": {
      "locked": {
        "lastModified": 1681028828,
        "narHash": "sha256-Vy1rq5AaRuLzOxct8nz4T6wlgyUR7zLU309k9mBC768=",
        "owner": "nix-systems",
        "repo": "default",
        "rev": "da67096a3b9bf56a91d16901293e51ba5b49a27e",
        "type": "github"
      },
      "original": {
        "owner": "nix-systems",
        "repo": "default",
        "type": "github"
      }
    },
    "systems_3": {
      "locked": {
        "lastModified": 1681028828,
        "narHash": "sha256-Vy1rq5AaRuLzOxct8nz4T6wlgyUR7zLU309k9mBC768=",
        "owner": "nix-systems",
        "repo": "default",
        "rev": "da67096a3b9bf56a91d16901293e51ba5b49a27e",
        "type": "github"
      },
      "original": {
        "owner": "nix-systems",
        "repo": "default",
        "type": "github"
      }
    }
  },
  "root": "root",
  "version": 7
}
